
Microsoft Visual Studio Solution File, Format Version 12.00
# Visual Studio 15
VisualStudioVersion = 15.0.28307.421
MinimumVisualStudioVersion = 10.0.40219.1
Project("{FAE04EC0-301F-11D3-BF4B-00C04F79EFBC}") = "TestForm", "TestForm\TestForm.csproj", "{C8FDA43B-498B-4BB0-B750-5132AC1D571C}"
EndProject
Project("{D954291E-2A0B-460D-934E-DC6B0785DB48}") = "API", "API\API.shproj", "{EA94E411-B669-4339-8969-725503991770}"
EndProject
Global
	GlobalSection(SharedMSBuildProjectFiles) = preSolution
		API\API.projitems*{c8fda43b-498b-4bb0-b750-5132ac1d571c}*SharedItemsImports = 4
		API\API.projitems*{ea94e411-b669-4339-8969-725503991770}*SharedItemsImports = 13
	EndGlobalSection
	GlobalSection(SolutionConfigurationPlatforms) = preSolution
		Debug|Any CPU = Debug|Any CPU
		Release|Any CPU = Release|Any CPU
	EndGlobalSection
	GlobalSection(ProjectConfigurationPlatforms) = postSolution
		{C8FDA43B-498B-4BB0-B750-5132AC1D571C}.Debug|Any CPU.ActiveCfg = Debug|Any CPU
		{C8FDA43B-498B-4BB0-B750-5132AC1D571C}.Debug|Any CPU.Build.0 = Debug|Any CPU
		{C8FDA43B-498B-4BB0-B750-5132AC1D571C}.Release|Any CPU.ActiveCfg = Release|Any CPU
		{C8FDA43B-498B-4BB0-B750-5132AC1D571C}.Release|Any CPU.Build.0 = Release|Any CPU
	EndGlobalSection
	GlobalSection(SolutionProperties) = preSolution
		HideSolutionNode = FALSE
	EndGlobalSection
	GlobalSection(ExtensibilityGlobals) = postSolution
		SolutionGuid = {C1318A32-B594-4A2A-AB1C-1118A22A1FDB}
	EndGlobalSection
EndGlobal
